
Microsoft Visual Studio Solution File, Format Version 12.00
# Visual Studio Version 17
VisualStudioVersion = 17.5.33530.505
MinimumVisualStudioVersion = 10.0.40219.1
Project("{FAE04EC0-301F-11D3-BF4B-00C04F79EFBC}") = "CSharpEntityFrameworkCoreExample", "CSharpEntityFrameworkExample\CSharpEntityFrameworkCoreExample.csproj", "{A06E4638-CE89-4C8E-8F18-0CF79B96D670}"
EndProject
Global
	GlobalSection(SolutionConfigurationPlatforms) = preSolution
		Debug|Any CPU = Debug|Any CPU
		Release|Any CPU = Release|Any CPU
	EndGlobalSection
	GlobalSection(ProjectConfigurationPlatforms) = postSolution
		{A06E4638-CE89-4C8E-8F18-0CF79B96D670}.Debug|Any CPU.ActiveCfg = Debug|Any CPU
		{A06E4638-CE89-4C8E-8F18-0CF79B96D670}.Debug|Any CPU.Build.0 = Debug|Any CPU
		{A06E4638-CE89-4C8E-8F18-0CF79B96D670}.Release|Any CPU.ActiveCfg = Release|Any CPU
		{A06E4638-CE89-4C8E-8F18-0CF79B96D670}.Release|Any CPU.Build.0 = Release|Any CPU
	EndGlobalSection
	GlobalSection(SolutionProperties) = preSolution
		HideSolutionNode = FALSE
	EndGlobalSection
	GlobalSection(ExtensibilityGlobals) = postSolution
		SolutionGuid = {5AA0B814-B448-4B33-88AD-C87AB6177ABD}
	EndGlobalSection
EndGlobal
